// !$*UTF8*$!
{
	archiveVersion = 1;
	classes = {
	};
	objectVersion = 56;
	objects = {

/* Begin PBXBuildFile section */
		1F6A356728F474E300293FFD /* NasaObecApp.swift in Sources */ = {isa = PBXBuildFile; fileRef = 1F6A356628F474E300293FFD /* NasaObecApp.swift */; };
		1F6A356928F474E300293FFD /* ArticleView.swift in Sources */ = {isa = PBXBuildFile; fileRef = 1F6A356828F474E300293FFD /* ArticleView.swift */; };
		1F6A356B28F474E400293FFD /* Assets.xcassets in Resources */ = {isa = PBXBuildFile; fileRef = 1F6A356A28F474E400293FFD /* Assets.xcassets */; };
		1F6A356E28F474E500293FFD /* Preview Assets.xcassets in Resources */ = {isa = PBXBuildFile; fileRef = 1F6A356D28F474E500293FFD /* Preview Assets.xcassets */; };
		1F6A357828F474E500293FFD /* NasaObecTests.swift in Sources */ = {isa = PBXBuildFile; fileRef = 1F6A357728F474E500293FFD /* NasaObecTests.swift */; };
		1F6A358228F474E500293FFD /* NasaObecUITests.swift in Sources */ = {isa = PBXBuildFile; fileRef = 1F6A358128F474E500293FFD /* NasaObecUITests.swift */; };
		1F6A358428F474E500293FFD /* NasaObecUITestsLaunchTests.swift in Sources */ = {isa = PBXBuildFile; fileRef = 1F6A358328F474E500293FFD /* NasaObecUITestsLaunchTests.swift */; };
		1F6A35F629067C6900293FFD /* TrencinWpArticle.swift in Sources */ = {isa = PBXBuildFile; fileRef = 1F6A35F529067C6900293FFD /* TrencinWpArticle.swift */; };
		1F6A35FB2906E27C00293FFD /* ExampleArticle.json in Resources */ = {isa = PBXBuildFile; fileRef = 1F6A35FA2906E27C00293FFD /* ExampleArticle.json */; };
		1F6A35FE2906F0B800293FFD /* RichText in Frameworks */ = {isa = PBXBuildFile; productRef = 1F6A35FD2906F0B800293FFD /* RichText */; };
		1F6A36002909861400293FFD /* TrencinArticleListView.swift in Sources */ = {isa = PBXBuildFile; fileRef = 1F6A35FF2909861400293FFD /* TrencinArticleListView.swift */; };
		1F6A36022909B0D400293FFD /* TrencinArticleExcerptView.swift in Sources */ = {isa = PBXBuildFile; fileRef = 1F6A36012909B0D400293FFD /* TrencinArticleExcerptView.swift */; };
		1F6A3604290C0D0000293FFD /* ArticleListView.swift in Sources */ = {isa = PBXBuildFile; fileRef = 1F6A3603290C0D0000293FFD /* ArticleListView.swift */; };
		1F6A3606290DCBF500293FFD /* TrencinArticleStore.swift in Sources */ = {isa = PBXBuildFile; fileRef = 1F6A3605290DCBF500293FFD /* TrencinArticleStore.swift */; };
		1F6A36242912D06000293FFD /* Curies.swift in Sources */ = {isa = PBXBuildFile; fileRef = 1F6A360A2912D05F00293FFD /* Curies.swift */; };
		1F6A36252912D06000293FFD /* Author.swift in Sources */ = {isa = PBXBuildFile; fileRef = 1F6A360B2912D05F00293FFD /* Author.swift */; };
		1F6A36262912D06000293FFD /* VersionHistory.swift in Sources */ = {isa = PBXBuildFile; fileRef = 1F6A360C2912D05F00293FFD /* VersionHistory.swift */; };
		1F6A36272912D06000293FFD /* Image.swift in Sources */ = {isa = PBXBuildFile; fileRef = 1F6A360D2912D05F00293FFD /* Image.swift */; };
		1F6A36282912D06000293FFD /* Replies.swift in Sources */ = {isa = PBXBuildFile; fileRef = 1F6A360E2912D05F00293FFD /* Replies.swift */; };
		1F6A36292912D06000293FFD /* WpFeaturedmedia.swift in Sources */ = {isa = PBXBuildFile; fileRef = 1F6A360F2912D05F00293FFD /* WpFeaturedmedia.swift */; };
		1F6A362A2912D06000293FFD /* Collection.swift in Sources */ = {isa = PBXBuildFile; fileRef = 1F6A36102912D05F00293FFD /* Collection.swift */; };
		1F6A362B2912D06000293FFD /* Meta.swift in Sources */ = {isa = PBXBuildFile; fileRef = 1F6A36112912D05F00293FFD /* Meta.swift */; };
		1F6A362C2912D06000293FFD /* TwitterMisc.swift in Sources */ = {isa = PBXBuildFile; fileRef = 1F6A36122912D05F00293FFD /* TwitterMisc.swift */; };
		1F6A362D2912D06000293FFD /* Logo.swift in Sources */ = {isa = PBXBuildFile; fileRef = 1F6A36132912D05F00293FFD /* Logo.swift */; };
		1F6A362E2912D06000293FFD /* Content.swift in Sources */ = {isa = PBXBuildFile; fileRef = 1F6A36142912D05F00293FFD /* Content.swift */; };
		1F6A362F2912D06000293FFD /* Title.swift in Sources */ = {isa = PBXBuildFile; fileRef = 1F6A36152912D05F00293FFD /* Title.swift */; };
		1F6A36302912D06000293FFD /* About.swift in Sources */ = {isa = PBXBuildFile; fileRef = 1F6A36162912D05F00293FFD /* About.swift */; };
		1F6A36312912D06000293FFD /* Robots.swift in Sources */ = {isa = PBXBuildFile; fileRef = 1F6A36172912D05F00293FFD /* Robots.swift */; };
		1F6A36322912D06000293FFD /* PredecessorVersion.swift in Sources */ = {isa = PBXBuildFile; fileRef = 1F6A36182912D05F00293FFD /* PredecessorVersion.swift */; };
		1F6A36332912D06000293FFD /* WpTerm.swift in Sources */ = {isa = PBXBuildFile; fileRef = 1F6A36192912D05F00293FFD /* WpTerm.swift */; };
		1F6A36342912D06000293FFD /* _links.swift in Sources */ = {isa = PBXBuildFile; fileRef = 1F6A361A2912D05F00293FFD /* _links.swift */; };
		1F6A36352912D06000293FFD /* WpAttachment.swift in Sources */ = {isa = PBXBuildFile; fileRef = 1F6A361B2912D06000293FFD /* WpAttachment.swift */; };
		1F6A36362912D06000293FFD /* Guid.swift in Sources */ = {isa = PBXBuildFile; fileRef = 1F6A361C2912D06000293FFD /* Guid.swift */; };
		1F6A36372912D06000293FFD /* LinkSelf.swift in Sources */ = {isa = PBXBuildFile; fileRef = 1F6A361D2912D06000293FFD /* LinkSelf.swift */; };
		1F6A36382912D06000293FFD /* graph.swift in Sources */ = {isa = PBXBuildFile; fileRef = 1F6A361E2912D06000293FFD /* graph.swift */; };
		1F6A36392912D06000293FFD /* Excerpt.swift in Sources */ = {isa = PBXBuildFile; fileRef = 1F6A361F2912D06000293FFD /* Excerpt.swift */; };
		1F6A363A2912D06000293FFD /* TrencinArticleBase.swift in Sources */ = {isa = PBXBuildFile; fileRef = 1F6A36202912D06000293FFD /* TrencinArticleBase.swift */; };
		1F6A363B2912D06000293FFD /* YoastHeadJson.swift in Sources */ = {isa = PBXBuildFile; fileRef = 1F6A36212912D06000293FFD /* YoastHeadJson.swift */; };
		1F6A363C2912D06000293FFD /* OgImage.swift in Sources */ = {isa = PBXBuildFile; fileRef = 1F6A36222912D06000293FFD /* OgImage.swift */; };
		1F6A363D2912D06000293FFD /* Schema.swift in Sources */ = {isa = PBXBuildFile; fileRef = 1F6A36232912D06000293FFD /* Schema.swift */; };
/* End PBXBuildFile section */

/* Begin PBXContainerItemProxy section */
		1F6A357428F474E500293FFD /* PBXContainerItemProxy */ = {
			isa = PBXContainerItemProxy;
			containerPortal = 1F6A355B28F474E300293FFD /* Project object */;
			proxyType = 1;
			remoteGlobalIDString = 1F6A356228F474E300293FFD;
			remoteInfo = NasaObec;
		};
		1F6A357E28F474E500293FFD /* PBXContainerItemProxy */ = {
			isa = PBXContainerItemProxy;
			containerPortal = 1F6A355B28F474E300293FFD /* Project object */;
			proxyType = 1;
			remoteGlobalIDString = 1F6A356228F474E300293FFD;
			remoteInfo = NasaObec;
		};
/* End PBXContainerItemProxy section */

/* Begin PBXFileReference section */
		1F6A356328F474E300293FFD /* NasaObec.app */ = {isa = PBXFileReference; explicitFileType = wrapper.application; includeInIndex = 0; path = NasaObec.app; sourceTree = BUILT_PRODUCTS_DIR; };
		1F6A356628F474E300293FFD /* NasaObecApp.swift */ = {isa = PBXFileReference; lastKnownFileType = sourcecode.swift; path = NasaObecApp.swift; sourceTree = "<group>"; };
		1F6A356828F474E300293FFD /* ArticleView.swift */ = {isa = PBXFileReference; lastKnownFileType = sourcecode.swift; path = ArticleView.swift; sourceTree = "<group>"; };
		1F6A356A28F474E400293FFD /* Assets.xcassets */ = {isa = PBXFileReference; lastKnownFileType = folder.assetcatalog; path = Assets.xcassets; sourceTree = "<group>"; };
		1F6A356D28F474E500293FFD /* Preview Assets.xcassets */ = {isa = PBXFileReference; lastKnownFileType = folder.assetcatalog; path = "Preview Assets.xcassets"; sourceTree = "<group>"; };
		1F6A357328F474E500293FFD /* NasaObecTests.xctest */ = {isa = PBXFileReference; explicitFileType = wrapper.cfbundle; includeInIndex = 0; path = NasaObecTests.xctest; sourceTree = BUILT_PRODUCTS_DIR; };
		1F6A357728F474E500293FFD /* NasaObecTests.swift */ = {isa = PBXFileReference; lastKnownFileType = sourcecode.swift; path = NasaObecTests.swift; sourceTree = "<group>"; };
		1F6A357D28F474E500293FFD /* NasaObecUITests.xctest */ = {isa = PBXFileReference; explicitFileType = wrapper.cfbundle; includeInIndex = 0; path = NasaObecUITests.xctest; sourceTree = BUILT_PRODUCTS_DIR; };
		1F6A358128F474E500293FFD /* NasaObecUITests.swift */ = {isa = PBXFileReference; lastKnownFileType = sourcecode.swift; path = NasaObecUITests.swift; sourceTree = "<group>"; };
		1F6A358328F474E500293FFD /* NasaObecUITestsLaunchTests.swift */ = {isa = PBXFileReference; lastKnownFileType = sourcecode.swift; path = NasaObecUITestsLaunchTests.swift; sourceTree = "<group>"; };
		1F6A35F529067C6900293FFD /* TrencinWpArticle.swift */ = {isa = PBXFileReference; lastKnownFileType = sourcecode.swift; path = TrencinWpArticle.swift; sourceTree = "<group>"; };
		1F6A35FA2906E27C00293FFD /* ExampleArticle.json */ = {isa = PBXFileReference; fileEncoding = 4; lastKnownFileType = text.json; path = ExampleArticle.json; sourceTree = "<group>"; };
		1F6A35FF2909861400293FFD /* TrencinArticleListView.swift */ = {isa = PBXFileReference; lastKnownFileType = sourcecode.swift; path = TrencinArticleListView.swift; sourceTree = "<group>"; };
		1F6A36012909B0D400293FFD /* TrencinArticleExcerptView.swift */ = {isa = PBXFileReference; lastKnownFileType = sourcecode.swift; path = TrencinArticleExcerptView.swift; sourceTree = "<group>"; };
		1F6A3603290C0D0000293FFD /* ArticleListView.swift */ = {isa = PBXFileReference; lastKnownFileType = sourcecode.swift; path = ArticleListView.swift; sourceTree = "<group>"; };
		1F6A3605290DCBF500293FFD /* TrencinArticleStore.swift */ = {isa = PBXFileReference; lastKnownFileType = sourcecode.swift; path = TrencinArticleStore.swift; sourceTree = "<group>"; };
		1F6A360A2912D05F00293FFD /* Curies.swift */ = {isa = PBXFileReference; fileEncoding = 4; lastKnownFileType = sourcecode.swift; path = Curies.swift; sourceTree = "<group>"; };
		1F6A360B2912D05F00293FFD /* Author.swift */ = {isa = PBXFileReference; fileEncoding = 4; lastKnownFileType = sourcecode.swift; path = Author.swift; sourceTree = "<group>"; };
		1F6A360C2912D05F00293FFD /* VersionHistory.swift */ = {isa = PBXFileReference; fileEncoding = 4; lastKnownFileType = sourcecode.swift; path = VersionHistory.swift; sourceTree = "<group>"; };
		1F6A360D2912D05F00293FFD /* Image.swift */ = {isa = PBXFileReference; fileEncoding = 4; lastKnownFileType = sourcecode.swift; path = Image.swift; sourceTree = "<group>"; };
		1F6A360E2912D05F00293FFD /* Replies.swift */ = {isa = PBXFileReference; fileEncoding = 4; lastKnownFileType = sourcecode.swift; path = Replies.swift; sourceTree = "<group>"; };
		1F6A360F2912D05F00293FFD /* WpFeaturedmedia.swift */ = {isa = PBXFileReference; fileEncoding = 4; lastKnownFileType = sourcecode.swift; path = WpFeaturedmedia.swift; sourceTree = "<group>"; };
		1F6A36102912D05F00293FFD /* Collection.swift */ = {isa = PBXFileReference; fileEncoding = 4; lastKnownFileType = sourcecode.swift; path = Collection.swift; sourceTree = "<group>"; };
		1F6A36112912D05F00293FFD /* Meta.swift */ = {isa = PBXFileReference; fileEncoding = 4; lastKnownFileType = sourcecode.swift; path = Meta.swift; sourceTree = "<group>"; };
		1F6A36122912D05F00293FFD /* TwitterMisc.swift */ = {isa = PBXFileReference; fileEncoding = 4; lastKnownFileType = sourcecode.swift; path = TwitterMisc.swift; sourceTree = "<group>"; };
		1F6A36132912D05F00293FFD /* Logo.swift */ = {isa = PBXFileReference; fileEncoding = 4; lastKnownFileType = sourcecode.swift; path = Logo.swift; sourceTree = "<group>"; };
		1F6A36142912D05F00293FFD /* Content.swift */ = {isa = PBXFileReference; fileEncoding = 4; lastKnownFileType = sourcecode.swift; path = Content.swift; sourceTree = "<group>"; };
		1F6A36152912D05F00293FFD /* Title.swift */ = {isa = PBXFileReference; fileEncoding = 4; lastKnownFileType = sourcecode.swift; path = Title.swift; sourceTree = "<group>"; };
		1F6A36162912D05F00293FFD /* About.swift */ = {isa = PBXFileReference; fileEncoding = 4; lastKnownFileType = sourcecode.swift; path = About.swift; sourceTree = "<group>"; };
		1F6A36172912D05F00293FFD /* Robots.swift */ = {isa = PBXFileReference; fileEncoding = 4; lastKnownFileType = sourcecode.swift; path = Robots.swift; sourceTree = "<group>"; };
		1F6A36182912D05F00293FFD /* PredecessorVersion.swift */ = {isa = PBXFileReference; fileEncoding = 4; lastKnownFileType = sourcecode.swift; path = PredecessorVersion.swift; sourceTree = "<group>"; };
		1F6A36192912D05F00293FFD /* WpTerm.swift */ = {isa = PBXFileReference; fileEncoding = 4; lastKnownFileType = sourcecode.swift; path = WpTerm.swift; sourceTree = "<group>"; };
		1F6A361A2912D05F00293FFD /* _links.swift */ = {isa = PBXFileReference; fileEncoding = 4; lastKnownFileType = sourcecode.swift; path = _links.swift; sourceTree = "<group>"; };
		1F6A361B2912D06000293FFD /* WpAttachment.swift */ = {isa = PBXFileReference; fileEncoding = 4; lastKnownFileType = sourcecode.swift; path = WpAttachment.swift; sourceTree = "<group>"; };
		1F6A361C2912D06000293FFD /* Guid.swift */ = {isa = PBXFileReference; fileEncoding = 4; lastKnownFileType = sourcecode.swift; path = Guid.swift; sourceTree = "<group>"; };
		1F6A361D2912D06000293FFD /* LinkSelf.swift */ = {isa = PBXFileReference; fileEncoding = 4; lastKnownFileType = sourcecode.swift; path = LinkSelf.swift; sourceTree = "<group>"; };
		1F6A361E2912D06000293FFD /* graph.swift */ = {isa = PBXFileReference; fileEncoding = 4; lastKnownFileType = sourcecode.swift; path = graph.swift; sourceTree = "<group>"; };
		1F6A361F2912D06000293FFD /* Excerpt.swift */ = {isa = PBXFileReference; fileEncoding = 4; lastKnownFileType = sourcecode.swift; path = Excerpt.swift; sourceTree = "<group>"; };
		1F6A36202912D06000293FFD /* TrencinArticleBase.swift */ = {isa = PBXFileReference; fileEncoding = 4; lastKnownFileType = sourcecode.swift; path = TrencinArticleBase.swift; sourceTree = "<group>"; };
		1F6A36212912D06000293FFD /* YoastHeadJson.swift */ = {isa = PBXFileReference; fileEncoding = 4; lastKnownFileType = sourcecode.swift; path = YoastHeadJson.swift; sourceTree = "<group>"; };
		1F6A36222912D06000293FFD /* OgImage.swift */ = {isa = PBXFileReference; fileEncoding = 4; lastKnownFileType = sourcecode.swift; path = OgImage.swift; sourceTree = "<group>"; };
		1F6A36232912D06000293FFD /* Schema.swift */ = {isa = PBXFileReference; fileEncoding = 4; lastKnownFileType = sourcecode.swift; path = Schema.swift; sourceTree = "<group>"; };
/* End PBXFileReference section */

/* Begin PBXFrameworksBuildPhase section */
		1F6A356028F474E300293FFD /* Frameworks */ = {
			isa = PBXFrameworksBuildPhase;
			buildActionMask = 2147483647;
			files = (
				1F6A35FE2906F0B800293FFD /* RichText in Frameworks */,
			);
			runOnlyForDeploymentPostprocessing = 0;
		};
		1F6A357028F474E500293FFD /* Frameworks */ = {
			isa = PBXFrameworksBuildPhase;
			buildActionMask = 2147483647;
			files = (
			);
			runOnlyForDeploymentPostprocessing = 0;
		};
		1F6A357A28F474E500293FFD /* Frameworks */ = {
			isa = PBXFrameworksBuildPhase;
			buildActionMask = 2147483647;
			files = (
			);
			runOnlyForDeploymentPostprocessing = 0;
		};
/* End PBXFrameworksBuildPhase section */

/* Begin PBXGroup section */
		1F6A355A28F474E300293FFD = {
			isa = PBXGroup;
			children = (
				1F6A356528F474E300293FFD /* NasaObec */,
				1F6A357628F474E500293FFD /* NasaObecTests */,
				1F6A358028F474E500293FFD /* NasaObecUITests */,
				1F6A356428F474E300293FFD /* Products */,
			);
			sourceTree = "<group>";
			usesTabs = 0;
		};
		1F6A356428F474E300293FFD /* Products */ = {
			isa = PBXGroup;
			children = (
				1F6A356328F474E300293FFD /* NasaObec.app */,
				1F6A357328F474E500293FFD /* NasaObecTests.xctest */,
				1F6A357D28F474E500293FFD /* NasaObecUITests.xctest */,
			);
			name = Products;
			sourceTree = "<group>";
		};
		1F6A356528F474E300293FFD /* NasaObec */ = {
			isa = PBXGroup;
			children = (
				1F6A35F92906E1E800293FFD /* Resources */,
				1F6A35F3290679F300293FFD /* Models */,
				1F6A35F4290679F800293FFD /* Views */,
				1F6A356628F474E300293FFD /* NasaObecApp.swift */,
				1F6A356A28F474E400293FFD /* Assets.xcassets */,
				1F6A356C28F474E500293FFD /* Preview Content */,
			);
			path = NasaObec;
			sourceTree = "<group>";
		};
		1F6A356C28F474E500293FFD /* Preview Content */ = {
			isa = PBXGroup;
			children = (
				1F6A356D28F474E500293FFD /* Preview Assets.xcassets */,
			);
			path = "Preview Content";
			sourceTree = "<group>";
		};
		1F6A357628F474E500293FFD /* NasaObecTests */ = {
			isa = PBXGroup;
			children = (
				1F6A357728F474E500293FFD /* NasaObecTests.swift */,
			);
			path = NasaObecTests;
			sourceTree = "<group>";
		};
		1F6A358028F474E500293FFD /* NasaObecUITests */ = {
			isa = PBXGroup;
			children = (
				1F6A358128F474E500293FFD /* NasaObecUITests.swift */,
				1F6A358328F474E500293FFD /* NasaObecUITestsLaunchTests.swift */,
			);
			path = NasaObecUITests;
			sourceTree = "<group>";
		};
		1F6A35F3290679F300293FFD /* Models */ = {
			isa = PBXGroup;
			children = (
				1F6A36092912D03E00293FFD /* TrencinArticleModel */,
				1F6A35F529067C6900293FFD /* TrencinWpArticle.swift */,
				1F6A3605290DCBF500293FFD /* TrencinArticleStore.swift */,
			);
			path = Models;
			sourceTree = "<group>";
		};
		1F6A35F4290679F800293FFD /* Views */ = {
			isa = PBXGroup;
			children = (
				1F6A356828F474E300293FFD /* ArticleView.swift */,
				1F6A35FF2909861400293FFD /* TrencinArticleListView.swift */,
				1F6A36012909B0D400293FFD /* TrencinArticleExcerptView.swift */,
				1F6A3603290C0D0000293FFD /* ArticleListView.swift */,
			);
			path = Views;
			sourceTree = "<group>";
		};
		1F6A35F92906E1E800293FFD /* Resources */ = {
			isa = PBXGroup;
			children = (
				1F6A35FA2906E27C00293FFD /* ExampleArticle.json */,
			);
			path = Resources;
			sourceTree = "<group>";
		};
		1F6A36092912D03E00293FFD /* TrencinArticleModel */ = {
			isa = PBXGroup;
			children = (
				1F6A361A2912D05F00293FFD /* _links.swift */,
				1F6A361E2912D06000293FFD /* graph.swift */,
				1F6A36162912D05F00293FFD /* About.swift */,
				1F6A36202912D06000293FFD /* TrencinArticleBase.swift */,
				1F6A360B2912D05F00293FFD /* Author.swift */,
				1F6A36102912D05F00293FFD /* Collection.swift */,
				1F6A36142912D05F00293FFD /* Content.swift */,
				1F6A360A2912D05F00293FFD /* Curies.swift */,
				1F6A361F2912D06000293FFD /* Excerpt.swift */,
				1F6A361C2912D06000293FFD /* Guid.swift */,
				1F6A360D2912D05F00293FFD /* Image.swift */,
				1F6A36132912D05F00293FFD /* Logo.swift */,
				1F6A36112912D05F00293FFD /* Meta.swift */,
				1F6A36222912D06000293FFD /* OgImage.swift */,
				1F6A36182912D05F00293FFD /* PredecessorVersion.swift */,
				1F6A360E2912D05F00293FFD /* Replies.swift */,
				1F6A36172912D05F00293FFD /* Robots.swift */,
				1F6A36232912D06000293FFD /* Schema.swift */,
				1F6A361D2912D06000293FFD /* LinkSelf.swift */,
				1F6A36152912D05F00293FFD /* Title.swift */,
				1F6A36122912D05F00293FFD /* TwitterMisc.swift */,
				1F6A360C2912D05F00293FFD /* VersionHistory.swift */,
				1F6A361B2912D06000293FFD /* WpAttachment.swift */,
				1F6A360F2912D05F00293FFD /* WpFeaturedmedia.swift */,
				1F6A36192912D05F00293FFD /* WpTerm.swift */,
				1F6A36212912D06000293FFD /* YoastHeadJson.swift */,
			);
			path = TrencinArticleModel;
			sourceTree = "<group>";
		};
/* End PBXGroup section */

/* Begin PBXNativeTarget section */
		1F6A356228F474E300293FFD /* NasaObec */ = {
			isa = PBXNativeTarget;
			buildConfigurationList = 1F6A358728F474E500293FFD /* Build configuration list for PBXNativeTarget "NasaObec" */;
			buildPhases = (
				1F6A355F28F474E300293FFD /* Sources */,
				1F6A356028F474E300293FFD /* Frameworks */,
				1F6A356128F474E300293FFD /* Resources */,
			);
			buildRules = (
			);
			dependencies = (
			);
			name = NasaObec;
			packageProductDependencies = (
				1F6A35FD2906F0B800293FFD /* RichText */,
			);
			productName = NasaObec;
			productReference = 1F6A356328F474E300293FFD /* NasaObec.app */;
			productType = "com.apple.product-type.application";
		};
		1F6A357228F474E500293FFD /* NasaObecTests */ = {
			isa = PBXNativeTarget;
			buildConfigurationList = 1F6A358A28F474E500293FFD /* Build configuration list for PBXNativeTarget "NasaObecTests" */;
			buildPhases = (
				1F6A356F28F474E500293FFD /* Sources */,
				1F6A357028F474E500293FFD /* Frameworks */,
				1F6A357128F474E500293FFD /* Resources */,
			);
			buildRules = (
			);
			dependencies = (
				1F6A357528F474E500293FFD /* PBXTargetDependency */,
			);
			name = NasaObecTests;
			productName = NasaObecTests;
			productReference = 1F6A357328F474E500293FFD /* NasaObecTests.xctest */;
			productType = "com.apple.product-type.bundle.unit-test";
		};
		1F6A357C28F474E500293FFD /* NasaObecUITests */ = {
			isa = PBXNativeTarget;
			buildConfigurationList = 1F6A358D28F474E500293FFD /* Build configuration list for PBXNativeTarget "NasaObecUITests" */;
			buildPhases = (
				1F6A357928F474E500293FFD /* Sources */,
				1F6A357A28F474E500293FFD /* Frameworks */,
				1F6A357B28F474E500293FFD /* Resources */,
			);
			buildRules = (
			);
			dependencies = (
				1F6A357F28F474E500293FFD /* PBXTargetDependency */,
			);
			name = NasaObecUITests;
			productName = NasaObecUITests;
			productReference = 1F6A357D28F474E500293FFD /* NasaObecUITests.xctest */;
			productType = "com.apple.product-type.bundle.ui-testing";
		};
/* End PBXNativeTarget section */

/* Begin PBXProject section */
		1F6A355B28F474E300293FFD /* Project object */ = {
			isa = PBXProject;
			attributes = {
				BuildIndependentTargetsInParallel = 1;
				LastSwiftUpdateCheck = 1400;
				LastUpgradeCheck = 1400;
				TargetAttributes = {
					1F6A356228F474E300293FFD = {
						CreatedOnToolsVersion = 14.0.1;
					};
					1F6A357228F474E500293FFD = {
						CreatedOnToolsVersion = 14.0.1;
						TestTargetID = 1F6A356228F474E300293FFD;
					};
					1F6A357C28F474E500293FFD = {
						CreatedOnToolsVersion = 14.0.1;
						TestTargetID = 1F6A356228F474E300293FFD;
					};
				};
			};
			buildConfigurationList = 1F6A355E28F474E300293FFD /* Build configuration list for PBXProject "NasaObec" */;
			compatibilityVersion = "Xcode 14.0";
			developmentRegion = en;
			hasScannedForEncodings = 0;
			knownRegions = (
				en,
				Base,
			);
			mainGroup = 1F6A355A28F474E300293FFD;
			packageReferences = (
				1F6A35FC2906F0B800293FFD /* XCRemoteSwiftPackageReference "RichText" */,
			);
			productRefGroup = 1F6A356428F474E300293FFD /* Products */;
			projectDirPath = "";
			projectRoot = "";
			targets = (
				1F6A356228F474E300293FFD /* NasaObec */,
				1F6A357228F474E500293FFD /* NasaObecTests */,
				1F6A357C28F474E500293FFD /* NasaObecUITests */,
			);
		};
/* End PBXProject section */

/* Begin PBXResourcesBuildPhase section */
		1F6A356128F474E300293FFD /* Resources */ = {
			isa = PBXResourcesBuildPhase;
			buildActionMask = 2147483647;
			files = (
				1F6A356E28F474E500293FFD /* Preview Assets.xcassets in Resources */,
				1F6A356B28F474E400293FFD /* Assets.xcassets in Resources */,
				1F6A35FB2906E27C00293FFD /* ExampleArticle.json in Resources */,
			);
			runOnlyForDeploymentPostprocessing = 0;
		};
		1F6A357128F474E500293FFD /* Resources */ = {
			isa = PBXResourcesBuildPhase;
			buildActionMask = 2147483647;
			files = (
			);
			runOnlyForDeploymentPostprocessing = 0;
		};
		1F6A357B28F474E500293FFD /* Resources */ = {
			isa = PBXResourcesBuildPhase;
			buildActionMask = 2147483647;
			files = (
			);
			runOnlyForDeploymentPostprocessing = 0;
		};
/* End PBXResourcesBuildPhase section */

/* Begin PBXSourcesBuildPhase section */
		1F6A355F28F474E300293FFD /* Sources */ = {
			isa = PBXSourcesBuildPhase;
			buildActionMask = 2147483647;
			files = (
				1F6A36332912D06000293FFD /* WpTerm.swift in Sources */,
				1F6A363C2912D06000293FFD /* OgImage.swift in Sources */,
				1F6A356928F474E300293FFD /* ArticleView.swift in Sources */,
				1F6A36262912D06000293FFD /* VersionHistory.swift in Sources */,
				1F6A3606290DCBF500293FFD /* TrencinArticleStore.swift in Sources */,
				1F6A36242912D06000293FFD /* Curies.swift in Sources */,
				1F6A36382912D06000293FFD /* graph.swift in Sources */,
				1F6A363B2912D06000293FFD /* YoastHeadJson.swift in Sources */,
				1F6A362F2912D06000293FFD /* Title.swift in Sources */,
				1F6A36302912D06000293FFD /* About.swift in Sources */,
				1F6A36372912D06000293FFD /* LinkSelf.swift in Sources */,
				1F6A36252912D06000293FFD /* Author.swift in Sources */,
				1F6A36352912D06000293FFD /* WpAttachment.swift in Sources */,
				1F6A362E2912D06000293FFD /* Content.swift in Sources */,
				1F6A362D2912D06000293FFD /* Logo.swift in Sources */,
				1F6A363D2912D06000293FFD /* Schema.swift in Sources */,
				1F6A362A2912D06000293FFD /* Collection.swift in Sources */,
				1F6A3604290C0D0000293FFD /* ArticleListView.swift in Sources */,
				1F6A363A2912D06000293FFD /* TrencinArticleBase.swift in Sources */,
				1F6A36022909B0D400293FFD /* TrencinArticleExcerptView.swift in Sources */,
				1F6A36312912D06000293FFD /* Robots.swift in Sources */,
				1F6A36392912D06000293FFD /* Excerpt.swift in Sources */,
				1F6A362B2912D06000293FFD /* Meta.swift in Sources */,
				1F6A36342912D06000293FFD /* _links.swift in Sources */,
				1F6A36002909861400293FFD /* TrencinArticleListView.swift in Sources */,
				1F6A36282912D06000293FFD /* Replies.swift in Sources */,
				1F6A36322912D06000293FFD /* PredecessorVersion.swift in Sources */,
				1F6A36362912D06000293FFD /* Guid.swift in Sources */,
				1F6A362C2912D06000293FFD /* TwitterMisc.swift in Sources */,
				1F6A356728F474E300293FFD /* NasaObecApp.swift in Sources */,
				1F6A36292912D06000293FFD /* WpFeaturedmedia.swift in Sources */,
				1F6A36272912D06000293FFD /* Image.swift in Sources */,
				1F6A35F629067C6900293FFD /* TrencinWpArticle.swift in Sources */,
			);
			runOnlyForDeploymentPostprocessing = 0;
		};
		1F6A356F28F474E500293FFD /* Sources */ = {
			isa = PBXSourcesBuildPhase;
			buildActionMask = 2147483647;
			files = (
				1F6A357828F474E500293FFD /* NasaObecTests.swift in Sources */,
			);
			runOnlyForDeploymentPostprocessing = 0;
		};
		1F6A357928F474E500293FFD /* Sources */ = {
			isa = PBXSourcesBuildPhase;
			buildActionMask = 2147483647;
			files = (
				1F6A358428F474E500293FFD /* NasaObecUITestsLaunchTests.swift in Sources */,
				1F6A358228F474E500293FFD /* NasaObecUITests.swift in Sources */,
			);
			runOnlyForDeploymentPostprocessing = 0;
		};
/* End PBXSourcesBuildPhase section */

/* Begin PBXTargetDependency section */
		1F6A357528F474E500293FFD /* PBXTargetDependency */ = {
			isa = PBXTargetDependency;
			target = 1F6A356228F474E300293FFD /* NasaObec */;
			targetProxy = 1F6A357428F474E500293FFD /* PBXContainerItemProxy */;
		};
		1F6A357F28F474E500293FFD /* PBXTargetDependency */ = {
			isa = PBXTargetDependency;
			target = 1F6A356228F474E300293FFD /* NasaObec */;
			targetProxy = 1F6A357E28F474E500293FFD /* PBXContainerItemProxy */;
		};
/* End PBXTargetDependency section */

/* Begin XCBuildConfiguration section */
		1F6A358528F474E500293FFD /* Debug */ = {
			isa = XCBuildConfiguration;
			buildSettings = {
				ALWAYS_SEARCH_USER_PATHS = NO;
				CLANG_ANALYZER_NONNULL = YES;
				CLANG_ANALYZER_NUMBER_OBJECT_CONVERSION = YES_AGGRESSIVE;
				CLANG_CXX_LANGUAGE_STANDARD = "gnu++20";
				CLANG_ENABLE_MODULES = YES;
				CLANG_ENABLE_OBJC_ARC = YES;
				CLANG_ENABLE_OBJC_WEAK = YES;
				CLANG_WARN_BLOCK_CAPTURE_AUTORELEASING = YES;
				CLANG_WARN_BOOL_CONVERSION = YES;
				CLANG_WARN_COMMA = YES;
				CLANG_WARN_CONSTANT_CONVERSION = YES;
				CLANG_WARN_DEPRECATED_OBJC_IMPLEMENTATIONS = YES;
				CLANG_WARN_DIRECT_OBJC_ISA_USAGE = YES_ERROR;
				CLANG_WARN_DOCUMENTATION_COMMENTS = YES;
				CLANG_WARN_EMPTY_BODY = YES;
				CLANG_WARN_ENUM_CONVERSION = YES;
				CLANG_WARN_INFINITE_RECURSION = YES;
				CLANG_WARN_INT_CONVERSION = YES;
				CLANG_WARN_NON_LITERAL_NULL_CONVERSION = YES;
				CLANG_WARN_OBJC_IMPLICIT_RETAIN_SELF = YES;
				CLANG_WARN_OBJC_LITERAL_CONVERSION = YES;
				CLANG_WARN_OBJC_ROOT_CLASS = YES_ERROR;
				CLANG_WARN_QUOTED_INCLUDE_IN_FRAMEWORK_HEADER = YES;
				CLANG_WARN_RANGE_LOOP_ANALYSIS = YES;
				CLANG_WARN_STRICT_PROTOTYPES = YES;
				CLANG_WARN_SUSPICIOUS_MOVE = YES;
				CLANG_WARN_UNGUARDED_AVAILABILITY = YES_AGGRESSIVE;
				CLANG_WARN_UNREACHABLE_CODE = YES;
				CLANG_WARN__DUPLICATE_METHOD_MATCH = YES;
				COPY_PHASE_STRIP = NO;
				DEBUG_INFORMATION_FORMAT = dwarf;
				ENABLE_STRICT_OBJC_MSGSEND = YES;
				ENABLE_TESTABILITY = YES;
				GCC_C_LANGUAGE_STANDARD = gnu11;
				GCC_DYNAMIC_NO_PIC = NO;
				GCC_NO_COMMON_BLOCKS = YES;
				GCC_OPTIMIZATION_LEVEL = 0;
				GCC_PREPROCESSOR_DEFINITIONS = (
					"DEBUG=1",
					"$(inherited)",
				);
				GCC_WARN_64_TO_32_BIT_CONVERSION = YES;
				GCC_WARN_ABOUT_RETURN_TYPE = YES_ERROR;
				GCC_WARN_UNDECLARED_SELECTOR = YES;
				GCC_WARN_UNINITIALIZED_AUTOS = YES_AGGRESSIVE;
				GCC_WARN_UNUSED_FUNCTION = YES;
				GCC_WARN_UNUSED_VARIABLE = YES;
				IPHONEOS_DEPLOYMENT_TARGET = 15.0;
				MTL_ENABLE_DEBUG_INFO = INCLUDE_SOURCE;
				MTL_FAST_MATH = YES;
				ONLY_ACTIVE_ARCH = YES;
				SDKROOT = iphoneos;
				SWIFT_ACTIVE_COMPILATION_CONDITIONS = DEBUG;
				SWIFT_OPTIMIZATION_LEVEL = "-Onone";
			};
			name = Debug;
		};
		1F6A358628F474E500293FFD /* Release */ = {
			isa = XCBuildConfiguration;
			buildSettings = {
				ALWAYS_SEARCH_USER_PATHS = NO;
				CLANG_ANALYZER_NONNULL = YES;
				CLANG_ANALYZER_NUMBER_OBJECT_CONVERSION = YES_AGGRESSIVE;
				CLANG_CXX_LANGUAGE_STANDARD = "gnu++20";
				CLANG_ENABLE_MODULES = YES;
				CLANG_ENABLE_OBJC_ARC = YES;
				CLANG_ENABLE_OBJC_WEAK = YES;
				CLANG_WARN_BLOCK_CAPTURE_AUTORELEASING = YES;
				CLANG_WARN_BOOL_CONVERSION = YES;
				CLANG_WARN_COMMA = YES;
				CLANG_WARN_CONSTANT_CONVERSION = YES;
				CLANG_WARN_DEPRECATED_OBJC_IMPLEMENTATIONS = YES;
				CLANG_WARN_DIRECT_OBJC_ISA_USAGE = YES_ERROR;
				CLANG_WARN_DOCUMENTATION_COMMENTS = YES;
				CLANG_WARN_EMPTY_BODY = YES;
				CLANG_WARN_ENUM_CONVERSION = YES;
				CLANG_WARN_INFINITE_RECURSION = YES;
				CLANG_WARN_INT_CONVERSION = YES;
				CLANG_WARN_NON_LITERAL_NULL_CONVERSION = YES;
				CLANG_WARN_OBJC_IMPLICIT_RETAIN_SELF = YES;
				CLANG_WARN_OBJC_LITERAL_CONVERSION = YES;
				CLANG_WARN_OBJC_ROOT_CLASS = YES_ERROR;
				CLANG_WARN_QUOTED_INCLUDE_IN_FRAMEWORK_HEADER = YES;
				CLANG_WARN_RANGE_LOOP_ANALYSIS = YES;
				CLANG_WARN_STRICT_PROTOTYPES = YES;
				CLANG_WARN_SUSPICIOUS_MOVE = YES;
				CLANG_WARN_UNGUARDED_AVAILABILITY = YES_AGGRESSIVE;
				CLANG_WARN_UNREACHABLE_CODE = YES;
				CLANG_WARN__DUPLICATE_METHOD_MATCH = YES;
				COPY_PHASE_STRIP = NO;
				DEBUG_INFORMATION_FORMAT = "dwarf-with-dsym";
				ENABLE_NS_ASSERTIONS = NO;
				ENABLE_STRICT_OBJC_MSGSEND = YES;
				GCC_C_LANGUAGE_STANDARD = gnu11;
				GCC_NO_COMMON_BLOCKS = YES;
				GCC_WARN_64_TO_32_BIT_CONVERSION = YES;
				GCC_WARN_ABOUT_RETURN_TYPE = YES_ERROR;
				GCC_WARN_UNDECLARED_SELECTOR = YES;
				GCC_WARN_UNINITIALIZED_AUTOS = YES_AGGRESSIVE;
				GCC_WARN_UNUSED_FUNCTION = YES;
				GCC_WARN_UNUSED_VARIABLE = YES;
				IPHONEOS_DEPLOYMENT_TARGET = 15.0;
				MTL_ENABLE_DEBUG_INFO = NO;
				MTL_FAST_MATH = YES;
				SDKROOT = iphoneos;
				SWIFT_COMPILATION_MODE = wholemodule;
				SWIFT_OPTIMIZATION_LEVEL = "-O";
				VALIDATE_PRODUCT = YES;
			};
			name = Release;
		};
		1F6A358828F474E500293FFD /* Debug */ = {
			isa = XCBuildConfiguration;
			buildSettings = {
				ASSETCATALOG_COMPILER_APPICON_NAME = AppIcon;
				ASSETCATALOG_COMPILER_GLOBAL_ACCENT_COLOR_NAME = AccentColor;
				CODE_SIGN_IDENTITY = "Apple Development";
				CODE_SIGN_STYLE = Automatic;
				CURRENT_PROJECT_VERSION = 1;
				DEVELOPMENT_ASSET_PATHS = "\"NasaObec/Preview Content\"";
				DEVELOPMENT_TEAM = QGK867Y94W;
				ENABLE_PREVIEWS = YES;
				GENERATE_INFOPLIST_FILE = YES;
				INFOPLIST_KEY_LSApplicationCategoryType = "";
				INFOPLIST_KEY_UIApplicationSceneManifest_Generation = YES;
				INFOPLIST_KEY_UIApplicationSupportsIndirectInputEvents = YES;
				INFOPLIST_KEY_UILaunchScreen_Generation = YES;
				INFOPLIST_KEY_UISupportedInterfaceOrientations_iPad = "UIInterfaceOrientationPortrait UIInterfaceOrientationPortraitUpsideDown UIInterfaceOrientationLandscapeLeft UIInterfaceOrientationLandscapeRight";
				INFOPLIST_KEY_UISupportedInterfaceOrientations_iPhone = "UIInterfaceOrientationPortrait UIInterfaceOrientationLandscapeLeft UIInterfaceOrientationLandscapeRight";
				LD_RUNPATH_SEARCH_PATHS = (
					"$(inherited)",
					"@executable_path/Frameworks",
				);
				MARKETING_VERSION = 1.0;
				PRODUCT_BUNDLE_IDENTIFIER = eu.kohutek.NasaObec;
				PRODUCT_NAME = "$(TARGET_NAME)";
				PROVISIONING_PROFILE_SPECIFIER = "";
				SWIFT_EMIT_LOC_STRINGS = YES;
				SWIFT_VERSION = 5.0;
				TARGETED_DEVICE_FAMILY = "1,2";
			};
			name = Debug;
		};
		1F6A358928F474E500293FFD /* Release */ = {
			isa = XCBuildConfiguration;
			buildSettings = {
				ASSETCATALOG_COMPILER_APPICON_NAME = AppIcon;
				ASSETCATALOG_COMPILER_GLOBAL_ACCENT_COLOR_NAME = AccentColor;
				CODE_SIGN_IDENTITY = "Apple Development";
				CODE_SIGN_STYLE = Automatic;
				CURRENT_PROJECT_VERSION = 1;
				DEVELOPMENT_ASSET_PATHS = "\"NasaObec/Preview Content\"";
				DEVELOPMENT_TEAM = QGK867Y94W;
				ENABLE_PREVIEWS = YES;
				GENERATE_INFOPLIST_FILE = YES;
				INFOPLIST_KEY_LSApplicationCategoryType = "";
				INFOPLIST_KEY_UIApplicationSceneManifest_Generation = YES;
				INFOPLIST_KEY_UIApplicationSupportsIndirectInputEvents = YES;
				INFOPLIST_KEY_UILaunchScreen_Generation = YES;
				INFOPLIST_KEY_UISupportedInterfaceOrientations_iPad = "UIInterfaceOrientationPortrait UIInterfaceOrientationPortraitUpsideDown UIInterfaceOrientationLandscapeLeft UIInterfaceOrientationLandscapeRight";
				INFOPLIST_KEY_UISupportedInterfaceOrientations_iPhone = "UIInterfaceOrientationPortrait UIInterfaceOrientationLandscapeLeft UIInterfaceOrientationLandscapeRight";
				LD_RUNPATH_SEARCH_PATHS = (
					"$(inherited)",
					"@executable_path/Frameworks",
				);
				MARKETING_VERSION = 1.0;
				PRODUCT_BUNDLE_IDENTIFIER = eu.kohutek.NasaObec;
				PRODUCT_NAME = "$(TARGET_NAME)";
				PROVISIONING_PROFILE_SPECIFIER = "";
				SWIFT_EMIT_LOC_STRINGS = YES;
				SWIFT_VERSION = 5.0;
				TARGETED_DEVICE_FAMILY = "1,2";
			};
			name = Release;
		};
		1F6A358B28F474E500293FFD /* Debug */ = {
			isa = XCBuildConfiguration;
			buildSettings = {
				ALWAYS_EMBED_SWIFT_STANDARD_LIBRARIES = YES;
				BUNDLE_LOADER = "$(TEST_HOST)";
				CODE_SIGN_STYLE = Automatic;
				CURRENT_PROJECT_VERSION = 1;
				DEVELOPMENT_TEAM = QGK867Y94W;
				GENERATE_INFOPLIST_FILE = YES;
				IPHONEOS_DEPLOYMENT_TARGET = 16.0;
				MARKETING_VERSION = 1.0;
				PRODUCT_BUNDLE_IDENTIFIER = eu.kohutek.NasaObecTests;
				PRODUCT_NAME = "$(TARGET_NAME)";
				SWIFT_EMIT_LOC_STRINGS = NO;
				SWIFT_VERSION = 5.0;
				TARGETED_DEVICE_FAMILY = "1,2";
				TEST_HOST = "$(BUILT_PRODUCTS_DIR)/NasaObec.app/$(BUNDLE_EXECUTABLE_FOLDER_PATH)/NasaObec";
			};
			name = Debug;
		};
		1F6A358C28F474E500293FFD /* Release */ = {
			isa = XCBuildConfiguration;
			buildSettings = {
				ALWAYS_EMBED_SWIFT_STANDARD_LIBRARIES = YES;
				BUNDLE_LOADER = "$(TEST_HOST)";
				CODE_SIGN_STYLE = Automatic;
				CURRENT_PROJECT_VERSION = 1;
				DEVELOPMENT_TEAM = QGK867Y94W;
				GENERATE_INFOPLIST_FILE = YES;
				IPHONEOS_DEPLOYMENT_TARGET = 16.0;
				MARKETING_VERSION = 1.0;
				PRODUCT_BUNDLE_IDENTIFIER = eu.kohutek.NasaObecTests;
				PRODUCT_NAME = "$(TARGET_NAME)";
				SWIFT_EMIT_LOC_STRINGS = NO;
				SWIFT_VERSION = 5.0;
				TARGETED_DEVICE_FAMILY = "1,2";
				TEST_HOST = "$(BUILT_PRODUCTS_DIR)/NasaObec.app/$(BUNDLE_EXECUTABLE_FOLDER_PATH)/NasaObec";
			};
			name = Release;
		};
		1F6A358E28F474E500293FFD /* Debug */ = {
			isa = XCBuildConfiguration;
			buildSettings = {
				ALWAYS_EMBED_SWIFT_STANDARD_LIBRARIES = YES;
				CODE_SIGN_STYLE = Automatic;
				CURRENT_PROJECT_VERSION = 1;
				DEVELOPMENT_TEAM = QGK867Y94W;
				GENERATE_INFOPLIST_FILE = YES;
				MARKETING_VERSION = 1.0;
				PRODUCT_BUNDLE_IDENTIFIER = eu.kohutek.NasaObecUITests;
				PRODUCT_NAME = "$(TARGET_NAME)";
				SWIFT_EMIT_LOC_STRINGS = NO;
				SWIFT_VERSION = 5.0;
				TARGETED_DEVICE_FAMILY = "1,2";
				TEST_TARGET_NAME = NasaObec;
			};
			name = Debug;
		};
		1F6A358F28F474E500293FFD /* Release */ = {
			isa = XCBuildConfiguration;
			buildSettings = {
				ALWAYS_EMBED_SWIFT_STANDARD_LIBRARIES = YES;
				CODE_SIGN_STYLE = Automatic;
				CURRENT_PROJECT_VERSION = 1;
				DEVELOPMENT_TEAM = QGK867Y94W;
				GENERATE_INFOPLIST_FILE = YES;
				MARKETING_VERSION = 1.0;
				PRODUCT_BUNDLE_IDENTIFIER = eu.kohutek.NasaObecUITests;
				PRODUCT_NAME = "$(TARGET_NAME)";
				SWIFT_EMIT_LOC_STRINGS = NO;
				SWIFT_VERSION = 5.0;
				TARGETED_DEVICE_FAMILY = "1,2";
				TEST_TARGET_NAME = NasaObec;
			};
			name = Release;
		};
/* End XCBuildConfiguration section */

/* Begin XCConfigurationList section */
		1F6A355E28F474E300293FFD /* Build configuration list for PBXProject "NasaObec" */ = {
			isa = XCConfigurationList;
			buildConfigurations = (
				1F6A358528F474E500293FFD /* Debug */,
				1F6A358628F474E500293FFD /* Release */,
			);
			defaultConfigurationIsVisible = 0;
			defaultConfigurationName = Release;
		};
		1F6A358728F474E500293FFD /* Build configuration list for PBXNativeTarget "NasaObec" */ = {
			isa = XCConfigurationList;
			buildConfigurations = (
				1F6A358828F474E500293FFD /* Debug */,
				1F6A358928F474E500293FFD /* Release */,
			);
			defaultConfigurationIsVisible = 0;
			defaultConfigurationName = Release;
		};
		1F6A358A28F474E500293FFD /* Build configuration list for PBXNativeTarget "NasaObecTests" */ = {
			isa = XCConfigurationList;
			buildConfigurations = (
				1F6A358B28F474E500293FFD /* Debug */,
				1F6A358C28F474E500293FFD /* Release */,
			);
			defaultConfigurationIsVisible = 0;
			defaultConfigurationName = Release;
		};
		1F6A358D28F474E500293FFD /* Build configuration list for PBXNativeTarget "NasaObecUITests" */ = {
			isa = XCConfigurationList;
			buildConfigurations = (
				1F6A358E28F474E500293FFD /* Debug */,
				1F6A358F28F474E500293FFD /* Release */,
			);
			defaultConfigurationIsVisible = 0;
			defaultConfigurationName = Release;
		};
/* End XCConfigurationList section */

/* Begin XCRemoteSwiftPackageReference section */
		1F6A35FC2906F0B800293FFD /* XCRemoteSwiftPackageReference "RichText" */ = {
			isa = XCRemoteSwiftPackageReference;
			repositoryURL = "https://github.com/NuPlay/RichText.git";
			requirement = {
				kind = upToNextMajorVersion;
				minimumVersion = 2.0.0;
			};
		};
/* End XCRemoteSwiftPackageReference section */

/* Begin XCSwiftPackageProductDependency section */
		1F6A35FD2906F0B800293FFD /* RichText */ = {
			isa = XCSwiftPackageProductDependency;
			package = 1F6A35FC2906F0B800293FFD /* XCRemoteSwiftPackageReference "RichText" */;
			productName = RichText;
		};
/* End XCSwiftPackageProductDependency section */
	};
	rootObject = 1F6A355B28F474E300293FFD /* Project object */;
}
